<?xml version="1.0" encoding="utf-8"?>
<Project ToolsVersion="4.0" xmlns="http://schemas.microsoft.com/developer/msbuild/2003">
  <ItemGroup>
    <Filter Include="Source Files">
      <UniqueIdentifier>{4FC737F1-C7A5-4376-A066-2A32D752A2FF}</UniqueIdentifier>
      <Extensions>cpp;c;cc;cxx;def;odl;idl;hpj;bat;asm;asmx</Extensions>
    </Filter>
    <Filter Include="Header Files">
      <UniqueIdentifier>{93995380-89BD-4b04-88EB-625FBE52EBFB}</UniqueIdentifier>
      <Extensions>h;hpp;hxx;hm;inl;inc;xsd</Extensions>
    </Filter>
    <Filter Include="Resource Files">
      <UniqueIdentifier>{67DA6AB6-F800-4c08-8B7A-83BB121AAD01}</UniqueIdentifier>
      <Extensions>rc;ico;cur;bmp;dlg;rc2;rct;bin;rgs;gif;jpg;jpeg;jpe;resx;tiff;tif;png;wav</Extensions>
    </Filter>
  </ItemGroup>
  <ItemGroup>
    <ClCompile Include="..\src\test.cpp">
      <Filter>Source Files</Filter>
    </ClCompile>
  </ItemGroup>
  <ItemGroup>
    <ClInclude Include="..\src\test.h">
      <Filter>Header Files</Filter>
    </ClInclude>
    <ClInclude Include="..\src\algoritms\algoritms.h">
      <Filter>Header Files</Filter>
    </ClInclude>
    <ClInclude Include="..\src\algoritms\array_characters_reverse.h">
      <Filter>Header Files</Filter>
    </ClInclude>
    <ClInclude Include="..\src\algoritms\array_find_duplicates.h">
      <Filter>Header Files</Filter>
    </ClInclude>
    <ClInclude Include="..\src\algoritms\big_little_endian.h">
      <Filter>Header Files</Filter>
    </ClInclude>
    <ClInclude Include="..\src\algoritms\btree_depth.h">
      <Filter>Header Files</Filter>
    </ClInclude>
    <ClInclude Include="..\src\algoritms\bubblesort.h">
      <Filter>Header Files</Filter>
    </ClInclude>
    <ClInclude Include="..\src\algoritms\byte_array_2_string.h">
      <Filter>Header Files</Filter>
    </ClInclude>
    <ClInclude Include="..\src\algoritms\circular_que.h">
      <Filter>Header Files</Filter>
    </ClInclude>
    <ClInclude Include="..\src\algoritms\common_data.h">
      <Filter>Header Files</Filter>
    </ClInclude>
    <ClInclude Include="..\src\algoritms\compare_linked_list.h">
      <Filter>Header Files</Filter>
    </ClInclude>
    <ClInclude Include="..\src\algoritms\count_1_in_binary.h">
      <Filter>Header Files</Filter>
    </ClInclude>
    <ClInclude Include="..\src\algoritms\dining_philosophers.h">
      <Filter>Header Files</Filter>
    </ClInclude>
    <ClInclude Include="..\src\algoritms\drawcircle.h">
      <Filter>Header Files</Filter>
    </ClInclude>
    <ClInclude Include="..\src\algoritms\duplication.h">
      <Filter>Header Files</Filter>
    </ClInclude>
    <ClInclude Include="..\src\algoritms\encode_string_google.h">
      <Filter>Header Files</Filter>
    </ClInclude>
    <ClInclude Include="..\src\algoritms\encode_string_google2.h">
      <Filter>Header Files</Filter>
    </ClInclude>
    <ClInclude Include="..\src\algoritms\fibbonachi.h">
      <Filter>Header Files</Filter>
    </ClInclude>
    <ClInclude Include="..\src\algoritms\find_largest_sum_in_array.h">
      <Filter>Header Files</Filter>
    </ClInclude>
    <ClInclude Include="..\src\algoritms\free_linked_list.h">
      <Filter>Header Files</Filter>
    </ClInclude>
    <ClInclude Include="..\src\algoritms\google_test.h">
      <Filter>Header Files</Filter>
    </ClInclude>
    <ClInclude Include="..\src\algoritms\heapsort.h">
      <Filter>Header Files</Filter>
    </ClInclude>
    <ClInclude Include="..\src\algoritms\insertsort.h">
      <Filter>Header Files</Filter>
    </ClInclude>
    <ClInclude Include="..\src\algoritms\insert_into_sorted_list.h">
      <Filter>Header Files</Filter>
    </ClInclude>
    <ClInclude Include="..\src\algoritms\merge_sort.h">
      <Filter>Header Files</Filter>
    </ClInclude>
    <ClInclude Include="..\src\algoritms\merge_sort_linked_list.h">
      <Filter>Header Files</Filter>
    </ClInclude>
    <ClInclude Include="..\src\algoritms\multiply_7.h">
      <Filter>Header Files</Filter>
    </ClInclude>
    <ClInclude Include="..\src\algoritms\multiply_by_7.h">
      <Filter>Header Files</Filter>
    </ClInclude>
    <ClInclude Include="..\src\algoritms\my_atoi.h">
      <Filter>Header Files</Filter>
    </ClInclude>
    <ClInclude Include="..\src\algoritms\num_to_str.h">
      <Filter>Header Files</Filter>
    </ClInclude>
    <ClInclude Include="..\src\algoritms\palindrome.h">
      <Filter>Header Files</Filter>
    </ClInclude>
    <ClInclude Include="..\src\algoritms\palindrom_rec.h">
      <Filter>Header Files</Filter>
    </ClInclude>
    <ClInclude Include="..\src\algoritms\power_of2.h">
      <Filter>Header Files</Filter>
    </ClInclude>
    <ClInclude Include="..\src\algoritms\power_of2_2.h">
      <Filter>Header Files</Filter>
    </ClInclude>
    <ClInclude Include="..\src\algoritms\power_of_2.h">
      <Filter>Header Files</Filter>
    </ClInclude>
    <ClInclude Include="..\src\algoritms\power_of_two.h">
      <Filter>Header Files</Filter>
    </ClInclude>
    <ClInclude Include="..\src\algoritms\power_of_two_2.h">
      <Filter>Header Files</Filter>
    </ClInclude>
    <ClInclude Include="..\src\algoritms\quicksort.h">
      <Filter>Header Files</Filter>
    </ClInclude>
    <ClInclude Include="..\src\algoritms\radixsort.h">
      <Filter>Header Files</Filter>
    </ClInclude>
    <ClInclude Include="..\src\algoritms\remove_elem_from_dlist.h">
      <Filter>Header Files</Filter>
    </ClInclude>
    <ClInclude Include="..\src\algoritms\remove_from_list.h">
      <Filter>Header Files</Filter>
    </ClInclude>
    <ClInclude Include="..\src\algoritms\remove_Nth_from_dlist.h">
      <Filter>Header Files</Filter>
    </ClInclude>
    <ClInclude Include="..\src\algoritms\remove_substr_in_str.h">
      <Filter>Header Files</Filter>
    </ClInclude>
    <ClInclude Include="..\src\algoritms\repeat_number_in_array.h">
      <Filter>Header Files</Filter>
    </ClInclude>
    <ClInclude Include="..\src\algoritms\reverse_chars.h">
      <Filter>Header Files</Filter>
    </ClInclude>
    <ClInclude Include="..\src\algoritms\reverse_chars2.h">
      <Filter>Header Files</Filter>
    </ClInclude>
    <ClInclude Include="..\src\algoritms\reverse_integer.h">
      <Filter>Header Files</Filter>
    </ClInclude>
    <ClInclude Include="..\src\algoritms\reverse_linked_list.h">
      <Filter>Header Files</Filter>
    </ClInclude>
    <ClInclude Include="..\src\algoritms\reverse_linked_list2.h">
      <Filter>Header Files</Filter>
    </ClInclude>
    <ClInclude Include="..\src\algoritms\reverse_linked_list_old.h">
      <Filter>Header Files</Filter>
    </ClInclude>
    <ClInclude Include="..\src\algoritms\reverse_llist.h">
      <Filter>Header Files</Filter>
    </ClInclude>
    <ClInclude Include="..\src\algoritms\reverse_llist_1.h">
      <Filter>Header Files</Filter>
    </ClInclude>
    <ClInclude Include="..\src\algoritms\reverse_sentense.h">
      <Filter>Header Files</Filter>
    </ClInclude>
    <ClInclude Include="..\src\algoritms\reverse_string.h">
      <Filter>Header Files</Filter>
    </ClInclude>
    <ClInclude Include="..\src\algoritms\reverse_string_1.h">
      <Filter>Header Files</Filter>
    </ClInclude>
    <ClInclude Include="..\src\algoritms\reverse_words_in_sentense.h">
      <Filter>Header Files</Filter>
    </ClInclude>
    <ClInclude Include="..\src\algoritms\revert_slist.h">
      <Filter>Header Files</Filter>
    </ClInclude>
    <ClInclude Include="..\src\algoritms\search_test.h">
      <Filter>Header Files</Filter>
    </ClInclude>
    <ClInclude Include="..\src\algoritms\singleton.h">
      <Filter>Header Files</Filter>
    </ClInclude>
    <ClInclude Include="..\src\algoritms\singleton_with_mutex.h">
      <Filter>Header Files</Filter>
    </ClInclude>
    <ClInclude Include="..\src\algoritms\square_root.h">
      <Filter>Header Files</Filter>
    </ClInclude>
    <ClInclude Include="..\src\algoritms\string_unique_chars.h">
      <Filter>Header Files</Filter>
    </ClInclude>
    <ClInclude Include="..\src\algoritms\substr_search.h">
      <Filter>Header Files</Filter>
    </ClInclude>
    <ClInclude Include="..\src\algoritms\sum_1_to_N.h">
      <Filter>Header Files</Filter>
    </ClInclude>
    <ClInclude Include="..\src\algoritms\tree_traversal.h">
      <Filter>Header Files</Filter>
    </ClInclude>
    <ClInclude Include="..\src\cpp0x\cpp0x.h">
      <Filter>Header Files</Filter>
    </ClInclude>
    <ClInclude Include="..\src\cpp0x\cpp0x_thread.h">
      <Filter>Header Files</Filter>
    </ClInclude>
    <ClInclude Include="..\src\cracking_code_interview\cracking.h">
      <Filter>Header Files</Filter>
    </ClInclude>
    <ClInclude Include="..\src\cracking_code_interview\arrays_and_strings\arrays_and_strings.h">
      <Filter>Header Files</Filter>
    </ClInclude>
    <ClInclude Include="..\src\cracking_code_interview\arrays_and_strings\test_1_1_string_has_all_unique_characters.h">
      <Filter>Header Files</Filter>
    </ClInclude>
    <ClInclude Include="..\src\cracking_code_interview\arrays_and_strings\test_1_2_reverse_c_string.h">
      <Filter>Header Files</Filter>
    </ClInclude>
    <ClInclude Include="..\src\cracking_code_interview\arrays_and_strings\test_1_3_remove_duplicates_form_string.h">
      <Filter>Header Files</Filter>
    </ClInclude>
    <ClInclude Include="..\src\cracking_code_interview\arrays_and_strings\test_1_4_strings_are_anagram.h">
      <Filter>Header Files</Filter>
    </ClInclude>
    <ClInclude Include="..\src\cracking_code_interview\arrays_and_strings\test_1_5_replace_all_spaces_in_string_with_pers20.h">
      <Filter>Header Files</Filter>
    </ClInclude>
    <ClInclude Include="..\src\cracking_code_interview\arrays_and_strings\test_1_6_rotate_image.h">
      <Filter>Header Files</Filter>
    </ClInclude>
    <ClInclude Include="..\src\cracking_code_interview\arrays_and_strings\test_1_7_if_element_matrix_is_0_entire_row_and_column_set_0.h">
      <Filter>Header Files</Filter>
    </ClInclude>
    <ClInclude Include="..\src\cracking_code_interview\arrays_and_strings\test_1_8_check_string_rotation_if_has_substr.h">
      <Filter>Header Files</Filter>
    </ClInclude>
    <ClInclude Include="..\src\cracking_code_interview\cplusplus\cplusplus.h">
      <Filter>Header Files</Filter>
    </ClInclude>
    <ClInclude Include="..\src\cracking_code_interview\cplusplus\test_13_1_print_last_k_lines.h">
      <Filter>Header Files</Filter>
    </ClInclude>
    <ClInclude Include="..\src\cracking_code_interview\cplusplus\test_13_8_copy_node_to_structure.h">
      <Filter>Header Files</Filter>
    </ClInclude>
    <ClInclude Include="..\src\cracking_code_interview\cplusplus\test_13_9_smart_ptr.h">
      <Filter>Header Files</Filter>
    </ClInclude>
    <ClInclude Include="..\src\cracking_code_interview\linked_lists\linked_lists.h">
      <Filter>Header Files</Filter>
    </ClInclude>
    <ClInclude Include="..\src\cracking_code_interview\linked_lists\test_2_1_remove_duplicates from_unsorted_linked)list.h">
      <Filter>Header Files</Filter>
    </ClInclude>
    <ClInclude Include="..\src\cracking_code_interview\linked_lists\test_2_2_find_nth_to last_element_of_slist.h">
      <Filter>Header Files</Filter>
    </ClInclude>
    <ClInclude Include="..\src\cracking_code_interview\linked_lists\test_2_3_delete_in_middle_slist.h">
      <Filter>Header Files</Filter>
    </ClInclude>
    <ClInclude Include="..\src\cracking_code_interview\linked_lists\test_2_4_sum_linked_list.h">
      <Filter>Header Files</Filter>
    </ClInclude>
    <ClInclude Include="..\src\cracking_code_interview\linked_lists\test_2_5_find_beginning_of_loop_in_circular_ilst.h">
      <Filter>Header Files</Filter>
    </ClInclude>
    <ClInclude Include="..\src\cracking_code_interview\low_level\low_level.h">
      <Filter>Header Files</Filter>
    </ClInclude>
    <ClInclude Include="..\src\cracking_code_interview\low_level\test_16_10_two_dim_array.h">
      <Filter>Header Files</Filter>
    </ClInclude>
    <ClInclude Include="..\src\cracking_code_interview\low_level\test_16_5_little_big_endian.h">
      <Filter>Header Files</Filter>
    </ClInclude>
    <ClInclude Include="..\src\cracking_code_interview\stacks_and_queues.h\stacks_and_queues.h">
      <Filter>Header Files</Filter>
    </ClInclude>
    <ClInclude Include="..\src\cracking_code_interview\stacks_and_queues.h\test_3_5_myque_using_two_stacks.h">
      <Filter>Header Files</Filter>
    </ClInclude>
    <ClInclude Include="..\src\cracking_code_interview\stacks_and_queues.h\test_3_6_sort_stack.h">
      <Filter>Header Files</Filter>
    </ClInclude>
    <ClInclude Include="..\src\cracking_code_interview\threads_and_locks\test_18_3_singleton_with_lock.h">
      <Filter>Header Files</Filter>
    </ClInclude>
    <ClInclude Include="..\src\cracking_code_interview\threads_and_locks\threads_and_locks.h">
      <Filter>Header Files</Filter>
    </ClInclude>
    <ClInclude Include="..\src\cracking_code_interview\trees_and_graphs\test_4_1.h">
      <Filter>Header Files</Filter>
    </ClInclude>
    <ClInclude Include="..\src\cracking_code_interview\trees_and_graphs\trees_and_graphs.h">
      <Filter>Header Files</Filter>
    </ClInclude>
    <ClInclude Include="..\src\demo\stdafx.h">
      <Filter>Header Files</Filter>
    </ClInclude>
    <ClInclude Include="..\src\demo\targetver.h">
      <Filter>Header Files</Filter>
    </ClInclude>
    <ClInclude Include="..\src\demo\demo_http_server\demo_http_server.h">
      <Filter>Header Files</Filter>
    </ClInclude>
    <ClInclude Include="..\src\demo\demo_http_server\stdafx.h">
      <Filter>Header Files</Filter>
    </ClInclude>
    <ClInclude Include="..\src\demo\demo_http_server\targetver.h">
      <Filter>Header Files</Filter>
    </ClInclude>
    <ClInclude Include="..\src\demo\iface\transport_defs.h">
      <Filter>Header Files</Filter>
    </ClInclude>
    <ClInclude Include="..\src\epee\include\ado_db_helper.h">
      <Filter>Header Files</Filter>
    </ClInclude>
    <ClInclude Include="..\src\epee\include\console_handler.h">
      <Filter>Header Files</Filter>
    </ClInclude>
    <ClInclude Include="..\src\epee\include\file_io_utils.h">
      <Filter>Header Files</Filter>
    </ClInclude>
    <ClInclude Include="..\src\epee\include\global_stream_operators.h">
      <Filter>Header Files</Filter>
    </ClInclude>
    <ClInclude Include="..\src\epee\include\gzip_encoding.h">
      <Filter>Header Files</Filter>
    </ClInclude>
    <ClInclude Include="..\src\epee\include\hmac-md5.h">
      <Filter>Header Files</Filter>
    </ClInclude>
    <ClInclude Include="..\src\epee\include\include_base_utils.h">
      <Filter>Header Files</Filter>
    </ClInclude>
    <ClInclude Include="..\src\epee\include\logger.h">
      <Filter>Header Files</Filter>
    </ClInclude>
    <ClInclude Include="..\src\epee\include\log_opt_defs.h">
      <Filter>Header Files</Filter>
    </ClInclude>
    <ClInclude Include="..\src\epee\include\math_helper.h">
      <Filter>Header Files</Filter>
    </ClInclude>
    <ClInclude Include="..\src\epee\include\md5global.h">
      <Filter>Header Files</Filter>
    </ClInclude>
    <ClInclude Include="..\src\epee\include\md5_l.h">
      <Filter>Header Files</Filter>
    </ClInclude>
    <ClInclude Include="..\src\epee\include\misc_language.h">
      <Filter>Header Files</Filter>
    </ClInclude>
    <ClInclude Include="..\src\epee\include\misc_log_ex.h">
      <Filter>Header Files</Filter>
    </ClInclude>
    <ClInclude Include="..\src\epee\include\misc_os_dependent.h">
      <Filter>Header Files</Filter>
    </ClInclude>
    <ClInclude Include="..\src\epee\include\profile_tools.h">
      <Filter>Header Files</Filter>
    </ClInclude>
    <ClInclude Include="..\src\epee\include\reg_exp_definer.h">
      <Filter>Header Files</Filter>
    </ClInclude>
    <ClInclude Include="..\src\epee\include\reg_utils.h">
      <Filter>Header Files</Filter>
    </ClInclude>
    <ClInclude Include="..\src\epee\include\service_impl_base.h">
      <Filter>Header Files</Filter>
    </ClInclude>
    <ClInclude Include="..\src\epee\include\sha1.h">
      <Filter>Header Files</Filter>
    </ClInclude>
    <ClInclude Include="..\src\epee\include\soci_helper.h">
      <Filter>Header Files</Filter>
    </ClInclude>
    <ClInclude Include="..\src\epee\include\static_initializer.h">
      <Filter>Header Files</Filter>
    </ClInclude>
    <ClInclude Include="..\src\epee\include\stdafx.h">
      <Filter>Header Files</Filter>
    </ClInclude>
    <ClInclude Include="..\src\epee\include\string_coding.h">
      <Filter>Header Files</Filter>
    </ClInclude>
    <ClInclude Include="..\src\epee\include\string_tools.h">
      <Filter>Header Files</Filter>
    </ClInclude>
    <ClInclude Include="..\src\epee\include\string_utils.h">
      <Filter>Header Files</Filter>
    </ClInclude>
    <ClInclude Include="..\src\epee\include\syncobj.h">
      <Filter>Header Files</Filter>
    </ClInclude>
    <ClInclude Include="..\src\epee\include\targetver.h">
      <Filter>Header Files</Filter>
    </ClInclude>
    <ClInclude Include="..\src\epee\include\time_helper.h">
      <Filter>Header Files</Filter>
    </ClInclude>
    <ClInclude Include="..\src\epee\include\tiny_ini.h">
      <Filter>Header Files</Filter>
    </ClInclude>
    <ClInclude Include="..\src\epee\include\to_nonconst_iterator.h">
      <Filter>Header Files</Filter>
    </ClInclude>
    <ClInclude Include="..\src\epee\include\utils.h">
      <Filter>Header Files</Filter>
    </ClInclude>
    <ClInclude Include="..\src\epee\include\winobj.h">
      <Filter>Header Files</Filter>
    </ClInclude>
    <ClInclude Include="..\src\epee\include\zlib_helper.h">
      <Filter>Header Files</Filter>
    </ClInclude>
    <ClInclude Include="..\src\epee\include\net\abstract_tcp_server.h">
      <Filter>Header Files</Filter>
    </ClInclude>
    <ClInclude Include="..\src\epee\include\net\abstract_tcp_server2.h">
      <Filter>Header Files</Filter>
    </ClInclude>
    <ClInclude Include="..\src\epee\include\net\abstract_tcp_server_cp.h">
      <Filter>Header Files</Filter>
    </ClInclude>
    <ClInclude Include="..\src\epee\include\net\anmp_base.h">
      <Filter>Header Files</Filter>
    </ClInclude>
    <ClInclude Include="..\src\epee\include\net\anmp_client.h">
      <Filter>Header Files</Filter>
    </ClInclude>
    <ClInclude Include="..\src\epee\include\net\anmp_helper.h">
      <Filter>Header Files</Filter>
    </ClInclude>
    <ClInclude Include="..\src\epee\include\net\anmp_protocol_handler.h">
      <Filter>Header Files</Filter>
    </ClInclude>
    <ClInclude Include="..\src\epee\include\net\anmp_server_cp.h">
      <Filter>Header Files</Filter>
    </ClInclude>
    <ClInclude Include="..\src\epee\include\net\anmp_server_cp2.h">
      <Filter>Header Files</Filter>
    </ClInclude>
    <ClInclude Include="..\src\epee\include\net\http_base.h">
      <Filter>Header Files</Filter>
    </ClInclude>
    <ClInclude Include="..\src\epee\include\net\http_client.h">
      <Filter>Header Files</Filter>
    </ClInclude>
    <ClInclude Include="..\src\epee\include\net\http_client_via_api_helper.h">
      <Filter>Header Files</Filter>
    </ClInclude>
    <ClInclude Include="..\src\epee\include\net\http_server.h">
      <Filter>Header Files</Filter>
    </ClInclude>
    <ClInclude Include="..\src\epee\include\net\http_server_cp.h">
      <Filter>Header Files</Filter>
    </ClInclude>
    <ClInclude Include="..\src\epee\include\net\http_server_cp2.h">
      <Filter>Header Files</Filter>
    </ClInclude>
    <ClInclude Include="..\src\epee\include\net\http_server_handlers_map.h">
      <Filter>Header Files</Filter>
    </ClInclude>
    <ClInclude Include="..\src\epee\include\net\http_server_thread_per_connect.h">
      <Filter>Header Files</Filter>
    </ClInclude>
    <ClInclude Include="..\src\epee\include\net\multiprotocols_server.h">
      <Filter>Header Files</Filter>
    </ClInclude>
    <ClInclude Include="..\src\epee\include\net\munin_connection_handler.h">
      <Filter>Header Files</Filter>
    </ClInclude>
    <ClInclude Include="..\src\epee\include\net\munin_node_server.h">
      <Filter>Header Files</Filter>
    </ClInclude>
    <ClInclude Include="..\src\epee\include\net\net_helper.h">
      <Filter>Header Files</Filter>
    </ClInclude>
    <ClInclude Include="..\src\epee\include\net\net_parse_helpers.h">
      <Filter>Header Files</Filter>
    </ClInclude>
    <ClInclude Include="..\src\epee\include\net\net_utils_base.h">
      <Filter>Header Files</Filter>
    </ClInclude>
    <ClInclude Include="..\src\epee\include\net\protocol_switcher.h">
      <Filter>Header Files</Filter>
    </ClInclude>
    <ClInclude Include="..\src\epee\include\net\smtp.h">
      <Filter>Header Files</Filter>
    </ClInclude>
    <ClInclude Include="..\src\epee\include\net\smtp_helper.h">
      <Filter>Header Files</Filter>
    </ClInclude>
    <ClInclude Include="..\src\epee\include\serialization\mem_block.h">
      <Filter>Header Files</Filter>
    </ClInclude>
    <ClInclude Include="..\src\epee\include\serialization\NamedSerialize.h">
      <Filter>Header Files</Filter>
    </ClInclude>
    <ClInclude Include="..\src\epee\include\storages\abstract_invoke.h">
      <Filter>Header Files</Filter>
    </ClInclude>
    <ClInclude Include="..\src\epee\include\storages\crypted_storage.h">
      <Filter>Header Files</Filter>
    </ClInclude>
    <ClInclude Include="..\src\epee\include\storages\gzipped_inmemstorage.h">
      <Filter>Header Files</Filter>
    </ClInclude>
    <ClInclude Include="..\src\epee\include\storages\inmemstorage.h">
      <Filter>Header Files</Filter>
    </ClInclude>
    <ClInclude Include="..\src\epee\include\storages\inmemtoxml.h">
      <Filter>Header Files</Filter>
    </ClInclude>
    <ClInclude Include="..\src\epee\include\storages\inmem_to_json.h">
      <Filter>Header Files</Filter>
    </ClInclude>
    <ClInclude Include="..\src\epee\include\storages\InRegStorage.h">
      <Filter>Header Files</Filter>
    </ClInclude>
    <ClInclude Include="..\src\epee\include\storages\parserse_base_utils.h">
      <Filter>Header Files</Filter>
    </ClInclude>
    <ClInclude Include="..\src\epee\include\storages\serializeble_struct_helper.h">
      <Filter>Header Files</Filter>
    </ClInclude>
    <ClInclude Include="..\src\func\func.h">
      <Filter>Header Files</Filter>
    </ClInclude>
    <ClInclude Include="..\src\func\functors.h">
      <Filter>Header Files</Filter>
    </ClInclude>
    <ClInclude Include="..\src\hashcode\hashcodes.h">
      <Filter>Header Files</Filter>
    </ClInclude>
    <ClInclude Include="..\src\hashcode\hash_function_sample.h">
      <Filter>Header Files</Filter>
    </ClInclude>
    <ClInclude Include="..\src\lambda\lambda.h">
      <Filter>Header Files</Filter>
    </ClInclude>
    <ClInclude Include="..\src\lambda\lambda_test1.h">
      <Filter>Header Files</Filter>
    </ClInclude>
    <ClInclude Include="..\src\lambda\lambda_test2.h">
      <Filter>Header Files</Filter>
    </ClInclude>
    <ClInclude Include="..\src\lambda\lambda_test3.h">
      <Filter>Header Files</Filter>
    </ClInclude>
    <ClInclude Include="..\src\language\binary.h">
      <Filter>Header Files</Filter>
    </ClInclude>
    <ClInclude Include="..\src\language\bind1st.h">
      <Filter>Header Files</Filter>
    </ClInclude>
    <ClInclude Include="..\src\language\bind2nd.h">
      <Filter>Header Files</Filter>
    </ClInclude>
    <ClInclude Include="..\src\language\binder1st.h">
      <Filter>Header Files</Filter>
    </ClInclude>
    <ClInclude Include="..\src\language\binder2nd.h">
      <Filter>Header Files</Filter>
    </ClInclude>
    <ClInclude Include="..\src\language\bits_arithmetic.h">
      <Filter>Header Files</Filter>
    </ClInclude>
    <ClInclude Include="..\src\language\blo.h">
      <Filter>Header Files</Filter>
    </ClInclude>
    <ClInclude Include="..\src\language\brainbench_1.h">
      <Filter>Header Files</Filter>
    </ClInclude>
    <ClInclude Include="..\src\language\brainbench_2.h">
      <Filter>Header Files</Filter>
    </ClInclude>
    <ClInclude Include="..\src\language\cast_1.h">
      <Filter>Header Files</Filter>
    </ClInclude>
    <ClInclude Include="..\src\language\cast_2.h">
      <Filter>Header Files</Filter>
    </ClInclude>
    <ClInclude Include="..\src\language\char_array.h">
      <Filter>Header Files</Filter>
    </ClInclude>
    <ClInclude Include="..\src\language\class_initialization.h">
      <Filter>Header Files</Filter>
    </ClInclude>
    <ClInclude Include="..\src\language\condition_x_0_or_1.h">
      <Filter>Header Files</Filter>
    </ClInclude>
    <ClInclude Include="..\src\language\constructor_exception.h">
      <Filter>Header Files</Filter>
    </ClInclude>
    <ClInclude Include="..\src\language\const_char_test.h">
      <Filter>Header Files</Filter>
    </ClInclude>
    <ClInclude Include="..\src\language\const_const.h">
      <Filter>Header Files</Filter>
    </ClInclude>
    <ClInclude Include="..\src\language\const_method.h">
      <Filter>Header Files</Filter>
    </ClInclude>
    <ClInclude Include="..\src\language\const_test.h">
      <Filter>Header Files</Filter>
    </ClInclude>
    <ClInclude Include="..\src\language\cout.h">
      <Filter>Header Files</Filter>
    </ClInclude>
    <ClInclude Include="..\src\language\ctor_test.h">
      <Filter>Header Files</Filter>
    </ClInclude>
    <ClInclude Include="..\src\language\db_test.h">
      <Filter>Header Files</Filter>
    </ClInclude>
    <ClInclude Include="..\src\language\delete.h">
      <Filter>Header Files</Filter>
    </ClInclude>
    <ClInclude Include="..\src\language\dino_test.h">
      <Filter>Header Files</Filter>
    </ClInclude>
    <ClInclude Include="..\src\language\dynamic_cast.h">
      <Filter>Header Files</Filter>
    </ClInclude>
    <ClInclude Include="..\src\language\embar_test.h">
      <Filter>Header Files</Filter>
    </ClInclude>
    <ClInclude Include="..\src\language\errno.h">
      <Filter>Header Files</Filter>
    </ClInclude>
    <ClInclude Include="..\src\language\exception_in_destructor.h">
      <Filter>Header Files</Filter>
    </ClInclude>
    <ClInclude Include="..\src\language\exception_test.h">
      <Filter>Header Files</Filter>
    </ClInclude>
    <ClInclude Include="..\src\language\explicit_ctor.h">
      <Filter>Header Files</Filter>
    </ClInclude>
    <ClInclude Include="..\src\language\find_loop_in_slist.h">
      <Filter>Header Files</Filter>
    </ClInclude>
    <ClInclude Include="..\src\language\functions_test.h">
      <Filter>Header Files</Filter>
    </ClInclude>
    <ClInclude Include="..\src\language\function_parameter.h">
      <Filter>Header Files</Filter>
    </ClInclude>
    <ClInclude Include="..\src\language\function_pointers.h">
      <Filter>Header Files</Filter>
    </ClInclude>
    <ClInclude Include="..\src\language\generic_list_test.h">
      <Filter>Header Files</Filter>
    </ClInclude>
    <ClInclude Include="..\src\language\goto_.h">
      <Filter>Header Files</Filter>
    </ClInclude>
    <ClInclude Include="..\src\language\huge_val.h">
      <Filter>Header Files</Filter>
    </ClInclude>
    <ClInclude Include="..\src\language\huge_val_duoble.h">
      <Filter>Header Files</Filter>
    </ClInclude>
    <ClInclude Include="..\src\language\inheritance.h">
      <Filter>Header Files</Filter>
    </ClInclude>
    <ClInclude Include="..\src\language\initialization_list.h">
      <Filter>Header Files</Filter>
    </ClInclude>
    <ClInclude Include="..\src\language\initialization_with_this.h">
      <Filter>Header Files</Filter>
    </ClInclude>
    <ClInclude Include="..\src\language\inner_outer.h">
      <Filter>Header Files</Filter>
    </ClInclude>
    <ClInclude Include="..\src\language\intialization_test.h">
      <Filter>Header Files</Filter>
    </ClInclude>
    <ClInclude Include="..\src\language\int_2_bin.h">
      <Filter>Header Files</Filter>
    </ClInclude>
    <ClInclude Include="..\src\language\io_tests.h">
      <Filter>Header Files</Filter>
    </ClInclude>
    <ClInclude Include="..\src\language\istringstream.h">
      <Filter>Header Files</Filter>
    </ClInclude>
    <ClInclude Include="..\src\language\iterator.h">
      <Filter>Header Files</Filter>
    </ClInclude>
    <ClInclude Include="..\src\language\ItoaTest.h">
      <Filter>Header Files</Filter>
    </ClInclude>
    <ClInclude Include="..\src\language\itoa_test.h">
      <Filter>Header Files</Filter>
    </ClInclude>
    <ClInclude Include="..\src\language\language.h">
      <Filter>Header Files</Filter>
    </ClInclude>
    <ClInclude Include="..\src\language\last_include_index.h">
      <Filter>Header Files</Filter>
    </ClInclude>
    <ClInclude Include="..\src\language\list_find.h">
      <Filter>Header Files</Filter>
    </ClInclude>
    <ClInclude Include="..\src\language\lock_test_1.h">
      <Filter>Header Files</Filter>
    </ClInclude>
    <ClInclude Include="..\src\language\loop_in_switch.h">
      <Filter>Header Files</Filter>
    </ClInclude>
    <ClInclude Include="..\src\language\method_hiding.h">
      <Filter>Header Files</Filter>
    </ClInclude>
    <ClInclude Include="..\src\language\ms_itoa_3.h">
      <Filter>Header Files</Filter>
    </ClInclude>
    <ClInclude Include="..\src\language\ms_nth_node_test.h">
      <Filter>Header Files</Filter>
    </ClInclude>
    <ClInclude Include="..\src\language\ms_strtoi.h">
      <Filter>Header Files</Filter>
    </ClInclude>
    <ClInclude Include="..\src\language\ms_test_3.h">
      <Filter>Header Files</Filter>
    </ClInclude>
    <ClInclude Include="..\src\language\multition.h">
      <Filter>Header Files</Filter>
    </ClInclude>
    <ClInclude Include="..\src\language\mutex_wrap.h">
      <Filter>Header Files</Filter>
    </ClInclude>
    <ClInclude Include="..\src\language\my_deque.h">
      <Filter>Header Files</Filter>
    </ClInclude>
    <ClInclude Include="..\src\language\my_header.h">
      <Filter>Header Files</Filter>
    </ClInclude>
    <ClInclude Include="..\src\language\my_limits.h">
      <Filter>Header Files</Filter>
    </ClInclude>
    <ClInclude Include="..\src\language\my_queue.h">
      <Filter>Header Files</Filter>
    </ClInclude>
    <ClInclude Include="..\src\language\my_stack.h">
      <Filter>Header Files</Filter>
    </ClInclude>
    <ClInclude Include="..\src\language\namespace_test.h">
      <Filter>Header Files</Filter>
    </ClInclude>
    <ClInclude Include="..\src\language\operator_cast.h">
      <Filter>Header Files</Filter>
    </ClInclude>
    <ClInclude Include="..\src\language\operator_cast_2.h">
      <Filter>Header Files</Filter>
    </ClInclude>
    <ClInclude Include="..\src\language\ostream_change.h">
      <Filter>Header Files</Filter>
    </ClInclude>
    <ClInclude Include="..\src\language\own_sizeof.h">
      <Filter>Header Files</Filter>
    </ClInclude>
    <ClInclude Include="..\src\language\pointer_2_function.h">
      <Filter>Header Files</Filter>
    </ClInclude>
    <ClInclude Include="..\src\language\pointer_as_param.h">
      <Filter>Header Files</Filter>
    </ClInclude>
    <ClInclude Include="..\src\language\prefix_postfix_test.h">
      <Filter>Header Files</Filter>
    </ClInclude>
    <ClInclude Include="..\src\language\printf_test.h">
      <Filter>Header Files</Filter>
    </ClInclude>
    <ClInclude Include="..\src\language\private_constructor.h">
      <Filter>Header Files</Filter>
    </ClInclude>
    <ClInclude Include="..\src\language\ptr_test.h">
      <Filter>Header Files</Filter>
    </ClInclude>
    <ClInclude Include="..\src\language\pure_virtual_call.h">
      <Filter>Header Files</Filter>
    </ClInclude>
    <ClInclude Include="..\src\language\put_char.h">
      <Filter>Header Files</Filter>
    </ClInclude>
    <ClInclude Include="..\src\language\que_test.h">
      <Filter>Header Files</Filter>
    </ClInclude>
    <ClInclude Include="..\src\language\set_test.h">
      <Filter>Header Files</Filter>
    </ClInclude>
    <ClInclude Include="..\src\language\sizeof.h">
      <Filter>Header Files</Filter>
    </ClInclude>
    <ClInclude Include="..\src\language\sizeof_class.h">
      <Filter>Header Files</Filter>
    </ClInclude>
    <ClInclude Include="..\src\language\sizeof_test.h">
      <Filter>Header Files</Filter>
    </ClInclude>
    <ClInclude Include="..\src\language\smartptr_test.h">
      <Filter>Header Files</Filter>
    </ClInclude>
    <ClInclude Include="..\src\language\smart_ptr_test.h">
      <Filter>Header Files</Filter>
    </ClInclude>
    <ClInclude Include="..\src\language\stack_container.h">
      <Filter>Header Files</Filter>
    </ClInclude>
    <ClInclude Include="..\src\language\static_cast.h">
      <Filter>Header Files</Filter>
    </ClInclude>
    <ClInclude Include="..\src\language\stdouttest.h">
      <Filter>Header Files</Filter>
    </ClInclude>
    <ClInclude Include="..\src\language\std_map.h">
      <Filter>Header Files</Filter>
    </ClInclude>
    <ClInclude Include="..\src\language\std_qsort.h">
      <Filter>Header Files</Filter>
    </ClInclude>
    <ClInclude Include="..\src\language\stl.h">
      <Filter>Header Files</Filter>
    </ClInclude>
    <ClInclude Include="..\src\language\stl_tests.h">
      <Filter>Header Files</Filter>
    </ClInclude>
    <ClInclude Include="..\src\language\string_literal.h">
      <Filter>Header Files</Filter>
    </ClInclude>
    <ClInclude Include="..\src\language\string_test.h">
      <Filter>Header Files</Filter>
    </ClInclude>
    <ClInclude Include="..\src\language\strlen.h">
      <Filter>Header Files</Filter>
    </ClInclude>
    <ClInclude Include="..\src\language\strlen_test.h">
      <Filter>Header Files</Filter>
    </ClInclude>
    <ClInclude Include="..\src\language\test_ansi.h">
      <Filter>Header Files</Filter>
    </ClInclude>
    <ClInclude Include="..\src\language\trace.h">
      <Filter>Header Files</Filter>
    </ClInclude>
    <ClInclude Include="..\src\language\two_dimensional_array.h">
      <Filter>Header Files</Filter>
    </ClInclude>
    <ClInclude Include="..\src\language\union.h">
      <Filter>Header Files</Filter>
    </ClInclude>
    <ClInclude Include="..\src\language\vector_pointer_arithmetic.h">
      <Filter>Header Files</Filter>
    </ClInclude>
    <ClInclude Include="..\src\language\virtual_destr.h">
      <Filter>Header Files</Filter>
    </ClInclude>
    <ClInclude Include="..\src\language\virtual_function_default_param.h">
      <Filter>Header Files</Filter>
    </ClInclude>
    <ClInclude Include="..\src\language\virtual_method.h">
      <Filter>Header Files</Filter>
    </ClInclude>
    <ClInclude Include="..\src\lock-free\lock_free.h">
      <Filter>Header Files</Filter>
    </ClInclude>
    <ClInclude Include="..\src\lock-free\lock_free1.h">
      <Filter>Header Files</Filter>
    </ClInclude>
    <ClInclude Include="..\src\patterns\abstract_factory.h">
      <Filter>Header Files</Filter>
    </ClInclude>
    <ClInclude Include="..\src\patterns\adapter.h">
      <Filter>Header Files</Filter>
    </ClInclude>
    <ClInclude Include="..\src\patterns\bridge.h">
      <Filter>Header Files</Filter>
    </ClInclude>
    <ClInclude Include="..\src\patterns\builder.h">
      <Filter>Header Files</Filter>
    </ClInclude>
    <ClInclude Include="..\src\patterns\chain_of_responsibility.h">
      <Filter>Header Files</Filter>
    </ClInclude>
    <ClInclude Include="..\src\patterns\command.h">
      <Filter>Header Files</Filter>
    </ClInclude>
    <ClInclude Include="..\src\patterns\composite.h">
      <Filter>Header Files</Filter>
    </ClInclude>
    <ClInclude Include="..\src\patterns\decorator.h">
      <Filter>Header Files</Filter>
    </ClInclude>
    <ClInclude Include="..\src\patterns\facade.h">
      <Filter>Header Files</Filter>
    </ClInclude>
    <ClInclude Include="..\src\patterns\factory_method.h">
      <Filter>Header Files</Filter>
    </ClInclude>
    <ClInclude Include="..\src\patterns\flyweight.h">
      <Filter>Header Files</Filter>
    </ClInclude>
    <ClInclude Include="..\src\patterns\interpreter.h">
      <Filter>Header Files</Filter>
    </ClInclude>
    <ClInclude Include="..\src\patterns\lazy_initialization.h">
      <Filter>Header Files</Filter>
    </ClInclude>
    <ClInclude Include="..\src\patterns\mediator.h">
      <Filter>Header Files</Filter>
    </ClInclude>
    <ClInclude Include="..\src\patterns\memento.h">
      <Filter>Header Files</Filter>
    </ClInclude>
    <ClInclude Include="..\src\patterns\null_object.h">
      <Filter>Header Files</Filter>
    </ClInclude>
    <ClInclude Include="..\src\patterns\observer.h">
      <Filter>Header Files</Filter>
    </ClInclude>
    <ClInclude Include="..\src\patterns\observer_test.h">
      <Filter>Header Files</Filter>
    </ClInclude>
    <ClInclude Include="..\src\patterns\patterns.h">
      <Filter>Header Files</Filter>
    </ClInclude>
    <ClInclude Include="..\src\patterns\profiler.h">
      <Filter>Header Files</Filter>
    </ClInclude>
    <ClInclude Include="..\src\patterns\prototype.h">
      <Filter>Header Files</Filter>
    </ClInclude>
    <ClInclude Include="..\src\patterns\proxy.h">
      <Filter>Header Files</Filter>
    </ClInclude>
    <ClInclude Include="..\src\patterns\ProxyPatternTest.h">
      <Filter>Header Files</Filter>
    </ClInclude>
    <ClInclude Include="..\src\patterns\resource_acquisition_is_initialization.h">
      <Filter>Header Files</Filter>
    </ClInclude>
    <ClInclude Include="..\src\patterns\state.h">
      <Filter>Header Files</Filter>
    </ClInclude>
    <ClInclude Include="..\src\patterns\strategy.h">
      <Filter>Header Files</Filter>
    </ClInclude>
    <ClInclude Include="..\src\patterns\template_method.h">
      <Filter>Header Files</Filter>
    </ClInclude>
    <ClInclude Include="..\src\patterns\visitor.h">
      <Filter>Header Files</Filter>
    </ClInclude>
    <ClInclude Include="..\src\patterns\visitor_2.h">
      <Filter>Header Files</Filter>
    </ClInclude>
    <ClInclude Include="..\src\patterns\visitor_templ.h">
      <Filter>Header Files</Filter>
    </ClInclude>
    <ClInclude Include="..\src\quiz\quiz.h">
      <Filter>Header Files</Filter>
    </ClInclude>
    <ClInclude Include="..\src\quiz\quiz_38.h">
      <Filter>Header Files</Filter>
    </ClInclude>
    <ClInclude Include="..\src\quiz\quiz_39.h">
      <Filter>Header Files</Filter>
    </ClInclude>
    <ClInclude Include="..\src\quiz\quiz_42.h">
      <Filter>Header Files</Filter>
    </ClInclude>
    <ClInclude Include="..\src\quiz\quiz_43.h">
      <Filter>Header Files</Filter>
    </ClInclude>
    <ClInclude Include="..\src\smart_ptr\smart_ptr.h">
      <Filter>Header Files</Filter>
    </ClInclude>
    <ClInclude Include="..\src\templates\templates.h">
      <Filter>Header Files</Filter>
    </ClInclude>
    <ClInclude Include="..\src\templates\template_factorial.h">
      <Filter>Header Files</Filter>
    </ClInclude>
    <ClInclude Include="..\src\templates\template_keyword.h">
      <Filter>Header Files</Filter>
    </ClInclude>
    <ClInclude Include="..\src\templates\template_method_in_non_template_class.h">
      <Filter>Header Files</Filter>
    </ClInclude>
    <ClInclude Include="..\src\templates\template_mycontainer.h">
      <Filter>Header Files</Filter>
    </ClInclude>
    <ClInclude Include="..\src\templates\template_test1.h">
      <Filter>Header Files</Filter>
    </ClInclude>
    <ClInclude Include="..\src\templates\template_test2.h">
      <Filter>Header Files</Filter>
    </ClInclude>
    <ClInclude Include="..\src\templates\template_test3.h">
      <Filter>Header Files</Filter>
    </ClInclude>
    <ClInclude Include="..\src\templates\template_test4.h">
      <Filter>Header Files</Filter>
    </ClInclude>
    <ClInclude Include="..\src\tests\tests.h">
      <Filter>Header Files</Filter>
    </ClInclude>
    <ClInclude Include="..\src\tests\tests1.h">
      <Filter>Header Files</Filter>
    </ClInclude>
    <ClInclude Include="..\src\tests\tests10.h">
      <Filter>Header Files</Filter>
    </ClInclude>
    <ClInclude Include="..\src\tests\tests11.h">
      <Filter>Header Files</Filter>
    </ClInclude>
    <ClInclude Include="..\src\tests\tests12.h">
      <Filter>Header Files</Filter>
    </ClInclude>
    <ClInclude Include="..\src\tests\tests13.h">
      <Filter>Header Files</Filter>
    </ClInclude>
    <ClInclude Include="..\src\tests\tests14.h">
      <Filter>Header Files</Filter>
    </ClInclude>
    <ClInclude Include="..\src\tests\tests15.h">
      <Filter>Header Files</Filter>
    </ClInclude>
    <ClInclude Include="..\src\tests\tests16.h">
      <Filter>Header Files</Filter>
    </ClInclude>
    <ClInclude Include="..\src\tests\tests17.h">
      <Filter>Header Files</Filter>
    </ClInclude>
    <ClInclude Include="..\src\tests\tests18.h">
      <Filter>Header Files</Filter>
    </ClInclude>
    <ClInclude Include="..\src\tests\tests19.h">
      <Filter>Header Files</Filter>
    </ClInclude>
    <ClInclude Include="..\src\tests\tests2.h">
      <Filter>Header Files</Filter>
    </ClInclude>
    <ClInclude Include="..\src\tests\tests20.h">
      <Filter>Header Files</Filter>
    </ClInclude>
    <ClInclude Include="..\src\tests\tests21.h">
      <Filter>Header Files</Filter>
    </ClInclude>
    <ClInclude Include="..\src\tests\tests22.h">
      <Filter>Header Files</Filter>
    </ClInclude>
    <ClInclude Include="..\src\tests\tests3.h">
      <Filter>Header Files</Filter>
    </ClInclude>
    <ClInclude Include="..\src\tests\tests4.h">
      <Filter>Header Files</Filter>
    </ClInclude>
    <ClInclude Include="..\src\tests\tests5.h">
      <Filter>Header Files</Filter>
    </ClInclude>
    <ClInclude Include="..\src\tests\tests6.h">
      <Filter>Header Files</Filter>
    </ClInclude>
    <ClInclude Include="..\src\tests\tests7.h">
      <Filter>Header Files</Filter>
    </ClInclude>
    <ClInclude Include="..\src\tests\tests8.h">
      <Filter>Header Files</Filter>
    </ClInclude>
    <ClInclude Include="..\src\tests\tests9.h">
      <Filter>Header Files</Filter>
    </ClInclude>
    <ClInclude Include="..\src\update_srv\handlers_config.h">
      <Filter>Header Files</Filter>
    </ClInclude>
    <ClInclude Include="..\src\update_srv\incremental_update_defs.h">
      <Filter>Header Files</Filter>
    </ClInclude>
    <ClInclude Include="..\src\update_srv\protocol_defs.h">
      <Filter>Header Files</Filter>
    </ClInclude>
    <ClInclude Include="..\src\update_srv\protocol_events_handler.h">
      <Filter>Header Files</Filter>
    </ClInclude>
    <ClInclude Include="..\src\update_srv\stdafx.h">
      <Filter>Header Files</Filter>
    </ClInclude>
    <ClInclude Include="..\src\update_srv\targetver.h">
      <Filter>Header Files</Filter>
    </ClInclude>
    <ClInclude Include="..\src\update_srv\update_req_handler.h">
      <Filter>Header Files</Filter>
    </ClInclude>
    <ClInclude Include="..\src\update_srv\update_srv.h">
      <Filter>Header Files</Filter>
    </ClInclude>
    <ClInclude Include="..\src\virtual\virtuals.h">
      <Filter>Header Files</Filter>
    </ClInclude>
    <ClInclude Include="..\src\virtual\virt_access.h">
      <Filter>Header Files</Filter>
    </ClInclude>
    <ClInclude Include="..\src\virtual\virt_cast_1.h">
      <Filter>Header Files</Filter>
    </ClInclude>
    <ClInclude Include="..\src\virtual\virt_cast_2.h">
      <Filter>Header Files</Filter>
    </ClInclude>
    <ClInclude Include="..\src\virtual\virt_func_1.h">
      <Filter>Header Files</Filter>
    </ClInclude>
    <ClInclude Include="..\src\virtual\virt_func_2.h">
      <Filter>Header Files</Filter>
    </ClInclude>
    <ClInclude Include="..\src\virtual\virt_func_3.h">
      <Filter>Header Files</Filter>
    </ClInclude>
    <ClInclude Include="..\src\virtual\virt_func_4.h">
      <Filter>Header Files</Filter>
    </ClInclude>
    <ClInclude Include="..\src\virtual\virt_func_5.h">
      <Filter>Header Files</Filter>
    </ClInclude>
    <ClInclude Include="..\src\virtual\virt_func_6.h">
      <Filter>Header Files</Filter>
    </ClInclude>
    <ClInclude Include="..\src\virtual\virt_inheritance.h">
      <Filter>Header Files</Filter>
    </ClInclude>
    <ClInclude Include="..\src\virtual\virt_private_access.h">
      <Filter>Header Files</Filter>
    </ClInclude>
  </ItemGroup>
  <ItemGroup>
    <None Include="..\src\epee\include\md5_l.inl">
      <Filter>Header Files</Filter>
    </None>
    <None Include="..\src\epee\include\sha1.inl">
      <Filter>Header Files</Filter>
    </None>
    <None Include="..\src\epee\include\net\abstract_tcp_server2.inl">
      <Filter>Header Files</Filter>
    </None>
    <None Include="..\src\epee\include\net\abstract_tcp_server_cp.inl">
      <Filter>Header Files</Filter>
    </None>
    <None Include="..\src\epee\include\net\anmp_client.inl">
      <Filter>Header Files</Filter>
    </None>
    <None Include="..\src\epee\include\net\http_server.inl">
      <Filter>Header Files</Filter>
    </None>
    <None Include="..\src\epee\include\net\smtp.inl">
      <Filter>Header Files</Filter>
    </None>
    <None Include="..\src\update_srv\update_req_handler.inl">
      <Filter>Header Files</Filter>
    </None>
  </ItemGroup>
</Project>